
Microsoft Visual Studio Solution File, Format Version 12.00
# Visual Studio Version 17
VisualStudioVersion = 17.4.33027.239
MinimumVisualStudioVersion = 10.0.40219.1
Project("{FAE04EC0-301F-11D3-BF4B-00C04F79EFBC}") = "Cripto_C.UWP", "Cripto_C\Cripto_C.UWP\Cripto_C.UWP.csproj", "{1AE24F80-46E8-4091-A5FE-BF1B2B729FD1}"
EndProject
Project("{FAE04EC0-301F-11D3-BF4B-00C04F79EFBC}") = "Cripto_C.Android", "Cripto_C\Cripto_C.Android\Cripto_C.Android.csproj", "{59D3208F-DD0C-4B88-B707-06DA651A664B}"
EndProject
Project("{FAE04EC0-301F-11D3-BF4B-00C04F79EFBC}") = "Cripto_C.iOS", "Cripto_C\Cripto_C.iOS\Cripto_C.iOS.csproj", "{EFB0E240-6FF8-4D52-AC09-6683CA46A7A8}"
EndProject
Project("{9A19103F-16F7-4668-BE54-9A1E7A4F7556}") = "Cripto_C", "Cripto_C\Cripto_C\Cripto_C.csproj", "{27FF3A2A-8429-41EF-84FE-1AD9B3F5C1F9}"
EndProject
Project("{FAE04EC0-301F-11D3-BF4B-00C04F79EFBC}") = "Cripto_C.UITest", "Cripto_C.Test\Cripto_C.UITest.csproj", "{D3050918-B8AD-4701-831C-B2FE70564A72}"
EndProject
Global
	GlobalSection(SolutionConfigurationPlatforms) = preSolution
		Debug|Any CPU = Debug|Any CPU
		Debug|ARM = Debug|ARM
		Debug|iPhone = Debug|iPhone
		Debug|iPhoneSimulator = Debug|iPhoneSimulator
		Debug|x64 = Debug|x64
		Debug|x86 = Debug|x86
		Release|Any CPU = Release|Any CPU
		Release|ARM = Release|ARM
		Release|iPhone = Release|iPhone
		Release|iPhoneSimulator = Release|iPhoneSimulator
		Release|x64 = Release|x64
		Release|x86 = Release|x86
	EndGlobalSection
	GlobalSection(ProjectConfigurationPlatforms) = postSolution
		{1AE24F80-46E8-4091-A5FE-BF1B2B729FD1}.Debug|Any CPU.ActiveCfg = Debug|x64
		{1AE24F80-46E8-4091-A5FE-BF1B2B729FD1}.Debug|Any CPU.Build.0 = Debug|x64
		{1AE24F80-46E8-4091-A5FE-BF1B2B729FD1}.Debug|Any CPU.Deploy.0 = Debug|x64
		{1AE24F80-46E8-4091-A5FE-BF1B2B729FD1}.Debug|ARM.ActiveCfg = Debug|ARM
		{1AE24F80-46E8-4091-A5FE-BF1B2B729FD1}.Debug|ARM.Build.0 = Debug|ARM
		{1AE24F80-46E8-4091-A5FE-BF1B2B729FD1}.Debug|ARM.Deploy.0 = Debug|ARM
		{1AE24F80-46E8-4091-A5FE-BF1B2B729FD1}.Debug|iPhone.ActiveCfg = Debug|x64
		{1AE24F80-46E8-4091-A5FE-BF1B2B729FD1}.Debug|iPhone.Build.0 = Debug|x64
		{1AE24F80-46E8-4091-A5FE-BF1B2B729FD1}.Debug|iPhone.Deploy.0 = Debug|x64
		{1AE24F80-46E8-4091-A5FE-BF1B2B729FD1}.Debug|iPhoneSimulator.ActiveCfg = Debug|x64
		{1AE24F80-46E8-4091-A5FE-BF1B2B729FD1}.Debug|iPhoneSimulator.Build.0 = Debug|x64
		{1AE24F80-46E8-4091-A5FE-BF1B2B729FD1}.Debug|iPhoneSimulator.Deploy.0 = Debug|x64
		{1AE24F80-46E8-4091-A5FE-BF1B2B729FD1}.Debug|x64.ActiveCfg = Debug|x64
		{1AE24F80-46E8-4091-A5FE-BF1B2B729FD1}.Debug|x64.Build.0 = Debug|x64
		{1AE24F80-46E8-4091-A5FE-BF1B2B729FD1}.Debug|x64.Deploy.0 = Debug|x64
		{1AE24F80-46E8-4091-A5FE-BF1B2B729FD1}.Debug|x86.ActiveCfg = Debug|x86
		{1AE24F80-46E8-4091-A5FE-BF1B2B729FD1}.Debug|x86.Build.0 = Debug|x86
		{1AE24F80-46E8-4091-A5FE-BF1B2B729FD1}.Debug|x86.Deploy.0 = Debug|x86
		{1AE24F80-46E8-4091-A5FE-BF1B2B729FD1}.Release|Any CPU.ActiveCfg = Release|x64
		{1AE24F80-46E8-4091-A5FE-BF1B2B729FD1}.Release|Any CPU.Build.0 = Release|x64
		{1AE24F80-46E8-4091-A5FE-BF1B2B729FD1}.Release|Any CPU.Deploy.0 = Release|x64
		{1AE24F80-46E8-4091-A5FE-BF1B2B729FD1}.Release|ARM.ActiveCfg = Release|ARM
		{1AE24F80-46E8-4091-A5FE-BF1B2B729FD1}.Release|ARM.Build.0 = Release|ARM
		{1AE24F80-46E8-4091-A5FE-BF1B2B729FD1}.Release|ARM.Deploy.0 = Release|ARM
		{1AE24F80-46E8-4091-A5FE-BF1B2B729FD1}.Release|iPhone.ActiveCfg = Release|x64
		{1AE24F80-46E8-4091-A5FE-BF1B2B729FD1}.Release|iPhone.Build.0 = Release|x64
		{1AE24F80-46E8-4091-A5FE-BF1B2B729FD1}.Release|iPhone.Deploy.0 = Release|x64
		{1AE24F80-46E8-4091-A5FE-BF1B2B729FD1}.Release|iPhoneSimulator.ActiveCfg = Release|x64
		{1AE24F80-46E8-4091-A5FE-BF1B2B729FD1}.Release|iPhoneSimulator.Build.0 = Release|x64
		{1AE24F80-46E8-4091-A5FE-BF1B2B729FD1}.Release|iPhoneSimulator.Deploy.0 = Release|x64
		{1AE24F80-46E8-4091-A5FE-BF1B2B729FD1}.Release|x64.ActiveCfg = Release|x64
		{1AE24F80-46E8-4091-A5FE-BF1B2B729FD1}.Release|x64.Build.0 = Release|x64
		{1AE24F80-46E8-4091-A5FE-BF1B2B729FD1}.Release|x64.Deploy.0 = Release|x64
		{1AE24F80-46E8-4091-A5FE-BF1B2B729FD1}.Release|x86.ActiveCfg = Release|x86
		{1AE24F80-46E8-4091-A5FE-BF1B2B729FD1}.Release|x86.Build.0 = Release|x86
		{1AE24F80-46E8-4091-A5FE-BF1B2B729FD1}.Release|x86.Deploy.0 = Release|x86
		{59D3208F-DD0C-4B88-B707-06DA651A664B}.Debug|Any CPU.ActiveCfg = Debug|Any CPU
		{59D3208F-DD0C-4B88-B707-06DA651A664B}.Debug|Any CPU.Build.0 = Debug|Any CPU
		{59D3208F-DD0C-4B88-B707-06DA651A664B}.Debug|Any CPU.Deploy.0 = Debug|Any CPU
		{59D3208F-DD0C-4B88-B707-06DA651A664B}.Debug|ARM.ActiveCfg = Debug|Any CPU
		{59D3208F-DD0C-4B88-B707-06DA651A664B}.Debug|ARM.Build.0 = Debug|Any CPU
		{59D3208F-DD0C-4B88-B707-06DA651A664B}.Debug|ARM.Deploy.0 = Debug|Any CPU
		{59D3208F-DD0C-4B88-B707-06DA651A664B}.Debug|iPhone.ActiveCfg = Debug|Any CPU
		{59D3208F-DD0C-4B88-B707-06DA651A664B}.Debug|iPhone.Build.0 = Debug|Any CPU
		{59D3208F-DD0C-4B88-B707-06DA651A664B}.Debug|iPhone.Deploy.0 = Debug|Any CPU
		{59D3208F-DD0C-4B88-B707-06DA651A664B}.Debug|iPhoneSimulator.ActiveCfg = Debug|Any CPU
		{59D3208F-DD0C-4B88-B707-06DA651A664B}.Debug|iPhoneSimulator.Build.0 = Debug|Any CPU
		{59D3208F-DD0C-4B88-B707-06DA651A664B}.Debug|iPhoneSimulator.Deploy.0 = Debug|Any CPU
		{59D3208F-DD0C-4B88-B707-06DA651A664B}.Debug|x64.ActiveCfg = Debug|Any CPU
		{59D3208F-DD0C-4B88-B707-06DA651A664B}.Debug|x64.Build.0 = Debug|Any CPU
		{59D3208F-DD0C-4B88-B707-06DA651A664B}.Debug|x64.Deploy.0 = Debug|Any CPU
		{59D3208F-DD0C-4B88-B707-06DA651A664B}.Debug|x86.ActiveCfg = Debug|Any CPU
		{59D3208F-DD0C-4B88-B707-06DA651A664B}.Debug|x86.Build.0 = Debug|Any CPU
		{59D3208F-DD0C-4B88-B707-06DA651A664B}.Debug|x86.Deploy.0 = Debug|Any CPU
		{59D3208F-DD0C-4B88-B707-06DA651A664B}.Release|Any CPU.ActiveCfg = Release|Any CPU
		{59D3208F-DD0C-4B88-B707-06DA651A664B}.Release|Any CPU.Build.0 = Release|Any CPU
		{59D3208F-DD0C-4B88-B707-06DA651A664B}.Release|Any CPU.Deploy.0 = Release|Any CPU
		{59D3208F-DD0C-4B88-B707-06DA651A664B}.Release|ARM.ActiveCfg = Release|Any CPU
		{59D3208F-DD0C-4B88-B707-06DA651A664B}.Release|ARM.Build.0 = Release|Any CPU
		{59D3208F-DD0C-4B88-B707-06DA651A664B}.Release|ARM.Deploy.0 = Release|Any CPU
		{59D3208F-DD0C-4B88-B707-06DA651A664B}.Release|iPhone.ActiveCfg = Release|Any CPU
		{59D3208F-DD0C-4B88-B707-06DA651A664B}.Release|iPhone.Build.0 = Release|Any CPU
		{59D3208F-DD0C-4B88-B707-06DA651A664B}.Release|iPhone.Deploy.0 = Release|Any CPU
		{59D3208F-DD0C-4B88-B707-06DA651A664B}.Release|iPhoneSimulator.ActiveCfg = Release|Any CPU
		{59D3208F-DD0C-4B88-B707-06DA651A664B}.Release|iPhoneSimulator.Build.0 = Release|Any CPU
		{59D3208F-DD0C-4B88-B707-06DA651A664B}.Release|iPhoneSimulator.Deploy.0 = Release|Any CPU
		{59D3208F-DD0C-4B88-B707-06DA651A664B}.Release|x64.ActiveCfg = Release|Any CPU
		{59D3208F-DD0C-4B88-B707-06DA651A664B}.Release|x64.Build.0 = Release|Any CPU
		{59D3208F-DD0C-4B88-B707-06DA651A664B}.Release|x64.Deploy.0 = Release|Any CPU
		{59D3208F-DD0C-4B88-B707-06DA651A664B}.Release|x86.ActiveCfg = Release|Any CPU
		{59D3208F-DD0C-4B88-B707-06DA651A664B}.Release|x86.Build.0 = Release|Any CPU
		{59D3208F-DD0C-4B88-B707-06DA651A664B}.Release|x86.Deploy.0 = Release|Any CPU
		{EFB0E240-6FF8-4D52-AC09-6683CA46A7A8}.Debug|Any CPU.ActiveCfg = Debug|iPhoneSimulator
		{EFB0E240-6FF8-4D52-AC09-6683CA46A7A8}.Debug|Any CPU.Build.0 = Debug|iPhoneSimulator
		{EFB0E240-6FF8-4D52-AC09-6683CA46A7A8}.Debug|Any CPU.Deploy.0 = Debug|iPhoneSimulator
		{EFB0E240-6FF8-4D52-AC09-6683CA46A7A8}.Debug|ARM.ActiveCfg = Debug|iPhoneSimulator
		{EFB0E240-6FF8-4D52-AC09-6683CA46A7A8}.Debug|ARM.Build.0 = Debug|iPhoneSimulator
		{EFB0E240-6FF8-4D52-AC09-6683CA46A7A8}.Debug|ARM.Deploy.0 = Debug|iPhoneSimulator
		{EFB0E240-6FF8-4D52-AC09-6683CA46A7A8}.Debug|iPhone.ActiveCfg = Debug|iPhone
		{EFB0E240-6FF8-4D52-AC09-6683CA46A7A8}.Debug|iPhone.Build.0 = Debug|iPhone
		{EFB0E240-6FF8-4D52-AC09-6683CA46A7A8}.Debug|iPhone.Deploy.0 = Debug|iPhone
		{EFB0E240-6FF8-4D52-AC09-6683CA46A7A8}.Debug|iPhoneSimulator.ActiveCfg = Debug|iPhoneSimulator
		{EFB0E240-6FF8-4D52-AC09-6683CA46A7A8}.Debug|iPhoneSimulator.Build.0 = Debug|iPhoneSimulator
		{EFB0E240-6FF8-4D52-AC09-6683CA46A7A8}.Debug|iPhoneSimulator.Deploy.0 = Debug|iPhoneSimulator
		{EFB0E240-6FF8-4D52-AC09-6683CA46A7A8}.Debug|x64.ActiveCfg = Debug|iPhone
		{EFB0E240-6FF8-4D52-AC09-6683CA46A7A8}.Debug|x64.Build.0 = Debug|iPhone
		{EFB0E240-6FF8-4D52-AC09-6683CA46A7A8}.Debug|x64.Deploy.0 = Debug|iPhone
		{EFB0E240-6FF8-4D52-AC09-6683CA46A7A8}.Debug|x86.ActiveCfg = Debug|iPhoneSimulator
		{EFB0E240-6FF8-4D52-AC09-6683CA46A7A8}.Debug|x86.Build.0 = Debug|iPhoneSimulator
		{EFB0E240-6FF8-4D52-AC09-6683CA46A7A8}.Debug|x86.Deploy.0 = Debug|iPhoneSimulator
		{EFB0E240-6FF8-4D52-AC09-6683CA46A7A8}.Release|Any CPU.ActiveCfg = Release|iPhoneSimulator
		{EFB0E240-6FF8-4D52-AC09-6683CA46A7A8}.Release|Any CPU.Build.0 = Release|iPhoneSimulator
		{EFB0E240-6FF8-4D52-AC09-6683CA46A7A8}.Release|Any CPU.Deploy.0 = Release|iPhoneSimulator
		{EFB0E240-6FF8-4D52-AC09-6683CA46A7A8}.Release|ARM.ActiveCfg = Release|iPhoneSimulator
		{EFB0E240-6FF8-4D52-AC09-6683CA46A7A8}.Release|ARM.Build.0 = Release|iPhoneSimulator
		{EFB0E240-6FF8-4D52-AC09-6683CA46A7A8}.Release|ARM.Deploy.0 = Release|iPhoneSimulator
		{EFB0E240-6FF8-4D52-AC09-6683CA46A7A8}.Release|iPhone.ActiveCfg = Release|iPhone
		{EFB0E240-6FF8-4D52-AC09-6683CA46A7A8}.Release|iPhone.Build.0 = Release|iPhone
		{EFB0E240-6FF8-4D52-AC09-6683CA46A7A8}.Release|iPhone.Deploy.0 = Release|iPhone
		{EFB0E240-6FF8-4D52-AC09-6683CA46A7A8}.Release|iPhoneSimulator.ActiveCfg = Release|iPhoneSimulator
		{EFB0E240-6FF8-4D52-AC09-6683CA46A7A8}.Release|iPhoneSimulator.Build.0 = Release|iPhoneSimulator
		{EFB0E240-6FF8-4D52-AC09-6683CA46A7A8}.Release|iPhoneSimulator.Deploy.0 = Release|iPhoneSimulator
		{EFB0E240-6FF8-4D52-AC09-6683CA46A7A8}.Release|x64.ActiveCfg = Release|iPhoneSimulator
		{EFB0E240-6FF8-4D52-AC09-6683CA46A7A8}.Release|x64.Build.0 = Release|iPhoneSimulator
		{EFB0E240-6FF8-4D52-AC09-6683CA46A7A8}.Release|x64.Deploy.0 = Release|iPhoneSimulator
		{EFB0E240-6FF8-4D52-AC09-6683CA46A7A8}.Release|x86.ActiveCfg = Release|iPhoneSimulator
		{EFB0E240-6FF8-4D52-AC09-6683CA46A7A8}.Release|x86.Build.0 = Release|iPhoneSimulator
		{EFB0E240-6FF8-4D52-AC09-6683CA46A7A8}.Release|x86.Deploy.0 = Release|iPhoneSimulator
		{27FF3A2A-8429-41EF-84FE-1AD9B3F5C1F9}.Debug|Any CPU.ActiveCfg = Debug|Any CPU
		{27FF3A2A-8429-41EF-84FE-1AD9B3F5C1F9}.Debug|Any CPU.Build.0 = Debug|Any CPU
		{27FF3A2A-8429-41EF-84FE-1AD9B3F5C1F9}.Debug|Any CPU.Deploy.0 = Debug|Any CPU
		{27FF3A2A-8429-41EF-84FE-1AD9B3F5C1F9}.Debug|ARM.ActiveCfg = Debug|Any CPU
		{27FF3A2A-8429-41EF-84FE-1AD9B3F5C1F9}.Debug|ARM.Build.0 = Debug|Any CPU
		{27FF3A2A-8429-41EF-84FE-1AD9B3F5C1F9}.Debug|ARM.Deploy.0 = Debug|Any CPU
		{27FF3A2A-8429-41EF-84FE-1AD9B3F5C1F9}.Debug|iPhone.ActiveCfg = Debug|Any CPU
		{27FF3A2A-8429-41EF-84FE-1AD9B3F5C1F9}.Debug|iPhone.Build.0 = Debug|Any CPU
		{27FF3A2A-8429-41EF-84FE-1AD9B3F5C1F9}.Debug|iPhone.Deploy.0 = Debug|Any CPU
		{27FF3A2A-8429-41EF-84FE-1AD9B3F5C1F9}.Debug|iPhoneSimulator.ActiveCfg = Debug|Any CPU
		{27FF3A2A-8429-41EF-84FE-1AD9B3F5C1F9}.Debug|iPhoneSimulator.Build.0 = Debug|Any CPU
		{27FF3A2A-8429-41EF-84FE-1AD9B3F5C1F9}.Debug|iPhoneSimulator.Deploy.0 = Debug|Any CPU
		{27FF3A2A-8429-41EF-84FE-1AD9B3F5C1F9}.Debug|x64.ActiveCfg = Debug|Any CPU
		{27FF3A2A-8429-41EF-84FE-1AD9B3F5C1F9}.Debug|x64.Build.0 = Debug|Any CPU
		{27FF3A2A-8429-41EF-84FE-1AD9B3F5C1F9}.Debug|x64.Deploy.0 = Debug|Any CPU
		{27FF3A2A-8429-41EF-84FE-1AD9B3F5C1F9}.Debug|x86.ActiveCfg = Debug|Any CPU
		{27FF3A2A-8429-41EF-84FE-1AD9B3F5C1F9}.Debug|x86.Build.0 = Debug|Any CPU
		{27FF3A2A-8429-41EF-84FE-1AD9B3F5C1F9}.Debug|x86.Deploy.0 = Debug|Any CPU
		{27FF3A2A-8429-41EF-84FE-1AD9B3F5C1F9}.Release|Any CPU.ActiveCfg = Release|Any CPU
		{27FF3A2A-8429-41EF-84FE-1AD9B3F5C1F9}.Release|Any CPU.Build.0 = Release|Any CPU
		{27FF3A2A-8429-41EF-84FE-1AD9B3F5C1F9}.Release|Any CPU.Deploy.0 = Release|Any CPU
		{27FF3A2A-8429-41EF-84FE-1AD9B3F5C1F9}.Release|ARM.ActiveCfg = Release|Any CPU
		{27FF3A2A-8429-41EF-84FE-1AD9B3F5C1F9}.Release|ARM.Build.0 = Release|Any CPU
		{27FF3A2A-8429-41EF-84FE-1AD9B3F5C1F9}.Release|ARM.Deploy.0 = Release|Any CPU
		{27FF3A2A-8429-41EF-84FE-1AD9B3F5C1F9}.Release|iPhone.ActiveCfg = Release|Any CPU
		{27FF3A2A-8429-41EF-84FE-1AD9B3F5C1F9}.Release|iPhone.Build.0 = Release|Any CPU
		{27FF3A2A-8429-41EF-84FE-1AD9B3F5C1F9}.Release|iPhone.Deploy.0 = Release|Any CPU
		{27FF3A2A-8429-41EF-84FE-1AD9B3F5C1F9}.Release|iPhoneSimulator.ActiveCfg = Release|Any CPU
		{27FF3A2A-8429-41EF-84FE-1AD9B3F5C1F9}.Release|iPhoneSimulator.Build.0 = Release|Any CPU
		{27FF3A2A-8429-41EF-84FE-1AD9B3F5C1F9}.Release|iPhoneSimulator.Deploy.0 = Release|Any CPU
		{27FF3A2A-8429-41EF-84FE-1AD9B3F5C1F9}.Release|x64.ActiveCfg = Release|Any CPU
		{27FF3A2A-8429-41EF-84FE-1AD9B3F5C1F9}.Release|x64.Build.0 = Release|Any CPU
		{27FF3A2A-8429-41EF-84FE-1AD9B3F5C1F9}.Release|x64.Deploy.0 = Release|Any CPU
		{27FF3A2A-8429-41EF-84FE-1AD9B3F5C1F9}.Release|x86.ActiveCfg = Release|Any CPU
		{27FF3A2A-8429-41EF-84FE-1AD9B3F5C1F9}.Release|x86.Build.0 = Release|Any CPU
		{27FF3A2A-8429-41EF-84FE-1AD9B3F5C1F9}.Release|x86.Deploy.0 = Release|Any CPU
		{D3050918-B8AD-4701-831C-B2FE70564A72}.Debug|Any CPU.ActiveCfg = Debug|Any CPU
		{D3050918-B8AD-4701-831C-B2FE70564A72}.Debug|Any CPU.Build.0 = Debug|Any CPU
		{D3050918-B8AD-4701-831C-B2FE70564A72}.Debug|ARM.ActiveCfg = Debug|Any CPU
		{D3050918-B8AD-4701-831C-B2FE70564A72}.Debug|ARM.Build.0 = Debug|Any CPU
		{D3050918-B8AD-4701-831C-B2FE70564A72}.Debug|iPhone.ActiveCfg = Debug|Any CPU
		{D3050918-B8AD-4701-831C-B2FE70564A72}.Debug|iPhone.Build.0 = Debug|Any CPU
		{D3050918-B8AD-4701-831C-B2FE70564A72}.Debug|iPhoneSimulator.ActiveCfg = Debug|Any CPU
		{D3050918-B8AD-4701-831C-B2FE70564A72}.Debug|iPhoneSimulator.Build.0 = Debug|Any CPU
		{D3050918-B8AD-4701-831C-B2FE70564A72}.Debug|x64.ActiveCfg = Debug|Any CPU
		{D3050918-B8AD-4701-831C-B2FE70564A72}.Debug|x64.Build.0 = Debug|Any CPU
		{D3050918-B8AD-4701-831C-B2FE70564A72}.Debug|x86.ActiveCfg = Debug|Any CPU
		{D3050918-B8AD-4701-831C-B2FE70564A72}.Debug|x86.Build.0 = Debug|Any CPU
		{D3050918-B8AD-4701-831C-B2FE70564A72}.Release|Any CPU.ActiveCfg = Release|Any CPU
		{D3050918-B8AD-4701-831C-B2FE70564A72}.Release|Any CPU.Build.0 = Release|Any CPU
		{D3050918-B8AD-4701-831C-B2FE70564A72}.Release|ARM.ActiveCfg = Release|Any CPU
		{D3050918-B8AD-4701-831C-B2FE70564A72}.Release|ARM.Build.0 = Release|Any CPU
		{D3050918-B8AD-4701-831C-B2FE70564A72}.Release|iPhone.ActiveCfg = Release|Any CPU
		{D3050918-B8AD-4701-831C-B2FE70564A72}.Release|iPhone.Build.0 = Release|Any CPU
		{D3050918-B8AD-4701-831C-B2FE70564A72}.Release|iPhoneSimulator.ActiveCfg = Release|Any CPU
		{D3050918-B8AD-4701-831C-B2FE70564A72}.Release|iPhoneSimulator.Build.0 = Release|Any CPU
		{D3050918-B8AD-4701-831C-B2FE70564A72}.Release|x64.ActiveCfg = Release|Any CPU
		{D3050918-B8AD-4701-831C-B2FE70564A72}.Release|x64.Build.0 = Release|Any CPU
		{D3050918-B8AD-4701-831C-B2FE70564A72}.Release|x86.ActiveCfg = Release|Any CPU
		{D3050918-B8AD-4701-831C-B2FE70564A72}.Release|x86.Build.0 = Release|Any CPU
	EndGlobalSection
	GlobalSection(SolutionProperties) = preSolution
		HideSolutionNode = FALSE
	EndGlobalSection
	GlobalSection(ExtensibilityGlobals) = postSolution
		SolutionGuid = {FACC6A1B-1979-4628-BE64-7204A78B00CF}
	EndGlobalSection
EndGlobal
